
Microsoft Visual Studio Solution File, Format Version 12.00
# Visual Studio Version 17
VisualStudioVersion = 17.6.33723.286
MinimumVisualStudioVersion = 10.0.40219.1
Project("{FAE04EC0-301F-11D3-BF4B-00C04F79EFBC}") = "WindowsFormsApp1", "WindowsFormsApp1\WindowsFormsApp1.csproj", "{8AA2FBA3-AA10-4953-A7C4-790EB476464A}"
EndProject
Global
	GlobalSection(SolutionConfigurationPlatforms) = preSolution
		Debug|Any CPU = Debug|Any CPU
		Release|Any CPU = Release|Any CPU
	EndGlobalSection
	GlobalSection(ProjectConfigurationPlatforms) = postSolution
		{8AA2FBA3-AA10-4953-A7C4-790EB476464A}.Debug|Any CPU.ActiveCfg = Debug|Any CPU
		{8AA2FBA3-AA10-4953-A7C4-790EB476464A}.Debug|Any CPU.Build.0 = Debug|Any CPU
		{8AA2FBA3-AA10-4953-A7C4-790EB476464A}.Release|Any CPU.ActiveCfg = Release|Any CPU
		{8AA2FBA3-AA10-4953-A7C4-790EB476464A}.Release|Any CPU.Build.0 = Release|Any CPU
	EndGlobalSection
	GlobalSection(SolutionProperties) = preSolution
		HideSolutionNode = FALSE
	EndGlobalSection
	GlobalSection(ExtensibilityGlobals) = postSolution
		SolutionGuid = {3F6AC4E8-BE06-460D-BB7B-9730E5CE2C70}
	EndGlobalSection
EndGlobal
